# This file is @generated by PDM.
# It is not intended for manual editing.

[metadata]
groups = ["default"]
strategy = ["inherit_metadata"]
lock_version = "4.5.0"
content_hash = "sha256:eb2012a89d0c3dbe8e8d187d16f35c2bbec2a1f0499cf6767a20c20c910e4a3c"

[[metadata.targets]]
requires_python = ">=3.11"

[[package]]
name = "pyserial"
version = "3.5"
summary = "Python Serial Port Extension"
groups = ["default"]
files = [
    {file = "pyserial-3.5-py2.py3-none-any.whl", hash = "sha256:c4451db6ba391ca6ca299fb3ec7bae67a5c55dde170964c7a14ceefec02f2cf0"},
    {file = "pyserial-3.5.tar.gz", hash = "sha256:3c77e014170dfffbd816e6ffc205e9842efb10be9f58ec16d3e8675b4925cddb"},
]

[[package]]
name = "ve-utils"
version = "2.5.3"
requires_python = ">=3.5"
summary = "Utilities helper library for Python"
groups = ["default"]
files = [
    {file = "ve_utils-2.5.3-py3-none-any.whl", hash = "sha256:5189a7c80ebc331a40f3ae885411368bc3a0a0473faa58463fbd4b709938d913"},
    {file = "ve_utils-2.5.3.tar.gz", hash = "sha256:c93c73ba1d6b358a13f7f4c6d8443e4aaa51b81230fcbac30210328e7b4b4909"},
]

[[package]]
name = "vedirect-m8"
version = "1.3.3"
requires_python = ">3.5.2"
summary = "Victron VE.Direct decoder for Python"
groups = ["default"]
dependencies = [
    "pyserial>=3.5",
    "ve-utils>=2.5.3",
]
files = [
    {file = "vedirect_m8-1.3.3-py3-none-any.whl", hash = "sha256:07722410f2e3b53d4631757738067e3717671a09ad07b3243695d021134ce4be"},
    {file = "vedirect_m8-1.3.3.tar.gz", hash = "sha256:3ac4ba24ced3d8b90d05d133da242b6e8d25a6add72c3c834e0b9d67ca1bdbb8"},
]
